
Microsoft Visual Studio Solution File, Format Version 12.00
# Visual Studio Version 16
VisualStudioVersion = 16.0.31911.196
MinimumVisualStudioVersion = 10.0.40219.1
Project("{FAE04EC0-301F-11D3-BF4B-00C04F79EFBC}") = "BinaryTree_TTCS", "BinaryTree_TTCS\BinaryTree_TTCS.csproj", "{88999DF0-8B86-4FF4-9FC0-DD03A51A913C}"
EndProject
Global
	GlobalSection(SolutionConfigurationPlatforms) = preSolution
		Debug|Any CPU = Debug|Any CPU
		Release|Any CPU = Release|Any CPU
	EndGlobalSection
	GlobalSection(ProjectConfigurationPlatforms) = postSolution
		{88999DF0-8B86-4FF4-9FC0-DD03A51A913C}.Debug|Any CPU.ActiveCfg = Debug|Any CPU
		{88999DF0-8B86-4FF4-9FC0-DD03A51A913C}.Debug|Any CPU.Build.0 = Debug|Any CPU
		{88999DF0-8B86-4FF4-9FC0-DD03A51A913C}.Release|Any CPU.ActiveCfg = Release|Any CPU
		{88999DF0-8B86-4FF4-9FC0-DD03A51A913C}.Release|Any CPU.Build.0 = Release|Any CPU
	EndGlobalSection
	GlobalSection(SolutionProperties) = preSolution
		HideSolutionNode = FALSE
	EndGlobalSection
	GlobalSection(ExtensibilityGlobals) = postSolution
		SolutionGuid = {EC336488-B6DF-464F-9E7D-D3F56944E6C2}
	EndGlobalSection
EndGlobal
